
Microsoft Visual Studio Solution File, Format Version 12.00
# Visual Studio Version 17
VisualStudioVersion = 17.8.34525.116
MinimumVisualStudioVersion = 10.0.40219.1
Project("{FAE04EC0-301F-11D3-BF4B-00C04F79EFBC}") = "MauiDrawing", "MauiDrawing\MauiDrawing.csproj", "{AB3CD118-3FB8-40EC-BAE5-BA0067362136}"
EndProject
Global
	GlobalSection(SolutionConfigurationPlatforms) = preSolution
		Debug|Any CPU = Debug|Any CPU
		Release|Any CPU = Release|Any CPU
	EndGlobalSection
	GlobalSection(ProjectConfigurationPlatforms) = postSolution
		{AB3CD118-3FB8-40EC-BAE5-BA0067362136}.Debug|Any CPU.ActiveCfg = Debug|Any CPU
		{AB3CD118-3FB8-40EC-BAE5-BA0067362136}.Debug|Any CPU.Build.0 = Debug|Any CPU
		{AB3CD118-3FB8-40EC-BAE5-BA0067362136}.Debug|Any CPU.Deploy.0 = Debug|Any CPU
		{AB3CD118-3FB8-40EC-BAE5-BA0067362136}.Release|Any CPU.ActiveCfg = Release|Any CPU
		{AB3CD118-3FB8-40EC-BAE5-BA0067362136}.Release|Any CPU.Build.0 = Release|Any CPU
		{AB3CD118-3FB8-40EC-BAE5-BA0067362136}.Release|Any CPU.Deploy.0 = Release|Any CPU
	EndGlobalSection
	GlobalSection(SolutionProperties) = preSolution
		HideSolutionNode = FALSE
	EndGlobalSection
	GlobalSection(ExtensibilityGlobals) = postSolution
		SolutionGuid = {F0AB2779-85CD-488E-BA9B-1C8A91326DED}
	EndGlobalSection
EndGlobal
